// !$*UTF8*$!
{
	archiveVersion = 1;
	classes = {
	};
	objectVersion = 46;
	objects = {

/* Begin PBXBuildFile section */
		9F3DC7C615E0DF3300C2F306 /* Foundation.framework in Frameworks */ = {isa = PBXBuildFile; fileRef = 9F3DC7C515E0DF3300C2F306 /* Foundation.framework */; };
		9F3DC7CB15E0DF3300C2F306 /* EasyValidate.h in CopyFiles */ = {isa = PBXBuildFile; fileRef = 9F3DC7CA15E0DF3300C2F306 /* EasyValidate.h */; };
		9F3DC7CD15E0DF3300C2F306 /* EasyValidate.m in Sources */ = {isa = PBXBuildFile; fileRef = 9F3DC7CC15E0DF3300C2F306 /* EasyValidate.m */; };
		9F3DC80F15E1326800C2F306 /* UIKit.framework in Frameworks */ = {isa = PBXBuildFile; fileRef = 9F3DC80E15E1326800C2F306 /* UIKit.framework */; };
		9F3DC81015E1326800C2F306 /* Foundation.framework in Frameworks */ = {isa = PBXBuildFile; fileRef = 9F3DC7C515E0DF3300C2F306 /* Foundation.framework */; };
		9F3DC81215E1326800C2F306 /* CoreGraphics.framework in Frameworks */ = {isa = PBXBuildFile; fileRef = 9F3DC81115E1326800C2F306 /* CoreGraphics.framework */; };
		9F3DC81815E1326800C2F306 /* InfoPlist.strings in Resources */ = {isa = PBXBuildFile; fileRef = 9F3DC81615E1326800C2F306 /* InfoPlist.strings */; };
		9F3DC81A15E1326800C2F306 /* main.m in Sources */ = {isa = PBXBuildFile; fileRef = 9F3DC81915E1326800C2F306 /* main.m */; };
		9F3DC81E15E1326800C2F306 /* AppDelegate.m in Sources */ = {isa = PBXBuildFile; fileRef = 9F3DC81D15E1326800C2F306 /* AppDelegate.m */; };
		9F3DC82115E1326800C2F306 /* MainStoryboard.storyboard in Resources */ = {isa = PBXBuildFile; fileRef = 9F3DC81F15E1326800C2F306 /* MainStoryboard.storyboard */; };
		9F3DC82415E1326800C2F306 /* ViewController.m in Sources */ = {isa = PBXBuildFile; fileRef = 9F3DC82315E1326800C2F306 /* ViewController.m */; };
		9F3DC82D15E87EB700C2F306 /* ValidationUITextField.m in Sources */ = {isa = PBXBuildFile; fileRef = 9F3DC82C15E87EB700C2F306 /* ValidationUITextField.m */; };
		9F3DC83015E8B96100C2F306 /* TextCheckFactory.m in Sources */ = {isa = PBXBuildFile; fileRef = 9F3DC82F15E8B96100C2F306 /* TextCheckFactory.m */; };
		9F3DC83315E8BF2100C2F306 /* AndLogicChecker.m in Sources */ = {isa = PBXBuildFile; fileRef = 9F3DC83215E8BF2000C2F306 /* AndLogicChecker.m */; };
		9F3DC83815E8C02200C2F306 /* OrLogicChecker.m in Sources */ = {isa = PBXBuildFile; fileRef = 9F3DC83715E8C02200C2F306 /* OrLogicChecker.m */; };
		9F3DC83B15E8C28400C2F306 /* EmailChecker.m in Sources */ = {isa = PBXBuildFile; fileRef = 9F3DC83A15E8C28400C2F306 /* EmailChecker.m */; };
		9F3DC83E15E8C29500C2F306 /* NullChecker.m in Sources */ = {isa = PBXBuildFile; fileRef = 9F3DC83D15E8C29400C2F306 /* NullChecker.m */; };
		9F3DC84115E8C2CA00C2F306 /* LengthChecker.m in Sources */ = {isa = PBXBuildFile; fileRef = 9F3DC84015E8C2C900C2F306 /* LengthChecker.m */; };
		9F3DC84415E8C2D700C2F306 /* MobileChecker.m in Sources */ = {isa = PBXBuildFile; fileRef = 9F3DC84315E8C2D700C2F306 /* MobileChecker.m */; };
		9F3DC84715E8C2F300C2F306 /* DigitChecker.m in Sources */ = {isa = PBXBuildFile; fileRef = 9F3DC84615E8C2F300C2F306 /* DigitChecker.m */; };
		9F3DC84A15E8CAE800C2F306 /* StringCheckerUtil.m in Sources */ = {isa = PBXBuildFile; fileRef = 9F3DC84915E8CAE700C2F306 /* StringCheckerUtil.m */; };
		9F7A687415E917C500881840 /* libEasyValidate-iOS.a in Frameworks */ = {isa = PBXBuildFile; fileRef = 9F3DC7C215E0DF3300C2F306 /* libEasyValidate-iOS.a */; };
		9F7A688F15E9228400881840 /* ElementValidationDelegate.h in Headers */ = {isa = PBXBuildFile; fileRef = 9F3DC82A15E87D2B00C2F306 /* ElementValidationDelegate.h */; settings = {ATTRIBUTES = (Public, ); }; };
		9F7A689015E9228400881840 /* ValidationUITextField.h in Headers */ = {isa = PBXBuildFile; fileRef = 9F3DC82B15E87EB700C2F306 /* ValidationUITextField.h */; settings = {ATTRIBUTES = (Public, ); }; };
		9F7A689115E9228400881840 /* AndLogicChecker.h in Headers */ = {isa = PBXBuildFile; fileRef = 9F3DC83115E8BF2000C2F306 /* AndLogicChecker.h */; settings = {ATTRIBUTES = (Public, ); }; };
		9F7A689215E9228400881840 /* OrLogicChecker.h in Headers */ = {isa = PBXBuildFile; fileRef = 9F3DC83615E8C02200C2F306 /* OrLogicChecker.h */; settings = {ATTRIBUTES = (Public, ); }; };
		9F7A689315E9228400881840 /* TextCheckFactory.h in Headers */ = {isa = PBXBuildFile; fileRef = 9F3DC82E15E8B96100C2F306 /* TextCheckFactory.h */; settings = {ATTRIBUTES = (Public, ); }; };
		9F7A689415E9228400881840 /* TextValidator.h in Headers */ = {isa = PBXBuildFile; fileRef = 9F3DC83515E8BFB500C2F306 /* TextValidator.h */; settings = {ATTRIBUTES = (Public, ); }; };
		9F7A689515E9228400881840 /* EmailChecker.h in Headers */ = {isa = PBXBuildFile; fileRef = 9F3DC83915E8C28400C2F306 /* EmailChecker.h */; settings = {ATTRIBUTES = (Public, ); }; };
		9F7A689615E9228400881840 /* NullChecker.h in Headers */ = {isa = PBXBuildFile; fileRef = 9F3DC83C15E8C29400C2F306 /* NullChecker.h */; settings = {ATTRIBUTES = (Public, ); }; };
		9F7A689715E9228400881840 /* LengthChecker.h in Headers */ = {isa = PBXBuildFile; fileRef = 9F3DC83F15E8C2C900C2F306 /* LengthChecker.h */; settings = {ATTRIBUTES = (Public, ); }; };
		9F7A689815E9228400881840 /* MobileChecker.h in Headers */ = {isa = PBXBuildFile; fileRef = 9F3DC84215E8C2D700C2F306 /* MobileChecker.h */; settings = {ATTRIBUTES = (Public, ); }; };
		9F7A689915E9228400881840 /* DigitChecker.h in Headers */ = {isa = PBXBuildFile; fileRef = 9F3DC84515E8C2F300C2F306 /* DigitChecker.h */; settings = {ATTRIBUTES = (Public, ); }; };
		9F7A689A15E9228400881840 /* StringCheckerUtil.h in Headers */ = {isa = PBXBuildFile; fileRef = 9F3DC84815E8CAE700C2F306 /* StringCheckerUtil.h */; settings = {ATTRIBUTES = (Public, ); }; };
		9F7A689B15E9228400881840 /* EasyValidate.h in Headers */ = {isa = PBXBuildFile; fileRef = 9F3DC7CA15E0DF3300C2F306 /* EasyValidate.h */; settings = {ATTRIBUTES = (Public, ); }; };
		9F7A68A215E92B0B00881840 /* Localizable.strings in Resources */ = {isa = PBXBuildFile; fileRef = 9F3DC84B15E8CF0800C2F306 /* Localizable.strings */; };
/* End PBXBuildFile section */

/* Begin PBXContainerItemProxy section */
		9F7A688015E91A7000881840 /* PBXContainerItemProxy */ = {
			isa = PBXContainerItemProxy;
			containerPortal = 9F3DC7B915E0DF3300C2F306 /* Project object */;
			proxyType = 1;
			remoteGlobalIDString = 9F3DC7C115E0DF3300C2F306;
			remoteInfo = "EasyValidate-iOS";
		};
/* End PBXContainerItemProxy section */

/* Begin PBXCopyFilesBuildPhase section */
		9F3DC7C015E0DF3300C2F306 /* CopyFiles */ = {
			isa = PBXCopyFilesBuildPhase;
			buildActionMask = 2147483647;
			dstPath = "include/${PRODUCT_NAME}";
			dstSubfolderSpec = 16;
			files = (
				9F3DC7CB15E0DF3300C2F306 /* EasyValidate.h in CopyFiles */,
			);
			runOnlyForDeploymentPostprocessing = 0;
		};
/* End PBXCopyFilesBuildPhase section */

/* Begin PBXFileReference section */
		9F3DC7C215E0DF3300C2F306 /* libEasyValidate-iOS.a */ = {isa = PBXFileReference; explicitFileType = archive.ar; includeInIndex = 0; path = "libEasyValidate-iOS.a"; sourceTree = BUILT_PRODUCTS_DIR; };
		9F3DC7C515E0DF3300C2F306 /* Foundation.framework */ = {isa = PBXFileReference; lastKnownFileType = wrapper.framework; name = Foundation.framework; path = System/Library/Frameworks/Foundation.framework; sourceTree = SDKROOT; };
		9F3DC7C915E0DF3300C2F306 /* EasyValidate-iOS-Prefix.pch */ = {isa = PBXFileReference; lastKnownFileType = sourcecode.c.h; path = "EasyValidate-iOS-Prefix.pch"; sourceTree = "<group>"; };
		9F3DC7CA15E0DF3300C2F306 /* EasyValidate.h */ = {isa = PBXFileReference; lastKnownFileType = sourcecode.c.h; path = EasyValidate.h; sourceTree = "<group>"; };
		9F3DC7CC15E0DF3300C2F306 /* EasyValidate.m */ = {isa = PBXFileReference; lastKnownFileType = sourcecode.c.objc; path = EasyValidate.m; sourceTree = "<group>"; };
		9F3DC80115E0F5A400C2F306 /* LICENSE */ = {isa = PBXFileReference; fileEncoding = 4; lastKnownFileType = text; path = LICENSE; sourceTree = SOURCE_ROOT; };
		9F3DC80215E0F5A400C2F306 /* README.md */ = {isa = PBXFileReference; fileEncoding = 4; lastKnownFileType = text; path = README.md; sourceTree = SOURCE_ROOT; };
		9F3DC80C15E1326800C2F306 /* Sample.app */ = {isa = PBXFileReference; explicitFileType = wrapper.application; includeInIndex = 0; path = Sample.app; sourceTree = BUILT_PRODUCTS_DIR; };
		9F3DC80E15E1326800C2F306 /* UIKit.framework */ = {isa = PBXFileReference; lastKnownFileType = wrapper.framework; name = UIKit.framework; path = System/Library/Frameworks/UIKit.framework; sourceTree = SDKROOT; };
		9F3DC81115E1326800C2F306 /* CoreGraphics.framework */ = {isa = PBXFileReference; lastKnownFileType = wrapper.framework; name = CoreGraphics.framework; path = System/Library/Frameworks/CoreGraphics.framework; sourceTree = SDKROOT; };
		9F3DC81515E1326800C2F306 /* Sample-Info.plist */ = {isa = PBXFileReference; lastKnownFileType = text.plist.xml; path = "Sample-Info.plist"; sourceTree = "<group>"; };
		9F3DC81715E1326800C2F306 /* en */ = {isa = PBXFileReference; lastKnownFileType = text.plist.strings; name = en; path = en.lproj/InfoPlist.strings; sourceTree = "<group>"; };
		9F3DC81915E1326800C2F306 /* main.m */ = {isa = PBXFileReference; lastKnownFileType = sourcecode.c.objc; path = main.m; sourceTree = "<group>"; };
		9F3DC81B15E1326800C2F306 /* Sample-Prefix.pch */ = {isa = PBXFileReference; lastKnownFileType = sourcecode.c.h; path = "Sample-Prefix.pch"; sourceTree = "<group>"; };
		9F3DC81C15E1326800C2F306 /* AppDelegate.h */ = {isa = PBXFileReference; lastKnownFileType = sourcecode.c.h; path = AppDelegate.h; sourceTree = "<group>"; };
		9F3DC81D15E1326800C2F306 /* AppDelegate.m */ = {isa = PBXFileReference; lastKnownFileType = sourcecode.c.objc; path = AppDelegate.m; sourceTree = "<group>"; };
		9F3DC82015E1326800C2F306 /* en */ = {isa = PBXFileReference; lastKnownFileType = file.storyboard; name = en; path = en.lproj/MainStoryboard.storyboard; sourceTree = "<group>"; };
		9F3DC82215E1326800C2F306 /* ViewController.h */ = {isa = PBXFileReference; lastKnownFileType = sourcecode.c.h; path = ViewController.h; sourceTree = "<group>"; };
		9F3DC82315E1326800C2F306 /* ViewController.m */ = {isa = PBXFileReference; lastKnownFileType = sourcecode.c.objc; path = ViewController.m; sourceTree = "<group>"; };
		9F3DC82A15E87D2B00C2F306 /* ElementValidationDelegate.h */ = {isa = PBXFileReference; fileEncoding = 4; lastKnownFileType = sourcecode.c.h; path = ElementValidationDelegate.h; sourceTree = "<group>"; };
		9F3DC82B15E87EB700C2F306 /* ValidationUITextField.h */ = {isa = PBXFileReference; fileEncoding = 4; lastKnownFileType = sourcecode.c.h; path = ValidationUITextField.h; sourceTree = "<group>"; };
		9F3DC82C15E87EB700C2F306 /* ValidationUITextField.m */ = {isa = PBXFileReference; fileEncoding = 4; lastKnownFileType = sourcecode.c.objc; path = ValidationUITextField.m; sourceTree = "<group>"; };
		9F3DC82E15E8B96100C2F306 /* TextCheckFactory.h */ = {isa = PBXFileReference; fileEncoding = 4; lastKnownFileType = sourcecode.c.h; path = TextCheckFactory.h; sourceTree = "<group>"; };
		9F3DC82F15E8B96100C2F306 /* TextCheckFactory.m */ = {isa = PBXFileReference; fileEncoding = 4; lastKnownFileType = sourcecode.c.objc; path = TextCheckFactory.m; sourceTree = "<group>"; };
		9F3DC83115E8BF2000C2F306 /* AndLogicChecker.h */ = {isa = PBXFileReference; fileEncoding = 4; lastKnownFileType = sourcecode.c.h; path = AndLogicChecker.h; sourceTree = "<group>"; };
		9F3DC83215E8BF2000C2F306 /* AndLogicChecker.m */ = {isa = PBXFileReference; fileEncoding = 4; lastKnownFileType = sourcecode.c.objc; path = AndLogicChecker.m; sourceTree = "<group>"; };
		9F3DC83515E8BFB500C2F306 /* TextValidator.h */ = {isa = PBXFileReference; lastKnownFileType = sourcecode.c.h; path = TextValidator.h; sourceTree = "<group>"; };
		9F3DC83615E8C02200C2F306 /* OrLogicChecker.h */ = {isa = PBXFileReference; fileEncoding = 4; lastKnownFileType = sourcecode.c.h; path = OrLogicChecker.h; sourceTree = "<group>"; };
		9F3DC83715E8C02200C2F306 /* OrLogicChecker.m */ = {isa = PBXFileReference; fileEncoding = 4; lastKnownFileType = sourcecode.c.objc; path = OrLogicChecker.m; sourceTree = "<group>"; };
		9F3DC83915E8C28400C2F306 /* EmailChecker.h */ = {isa = PBXFileReference; fileEncoding = 4; lastKnownFileType = sourcecode.c.h; path = EmailChecker.h; sourceTree = "<group>"; };
		9F3DC83A15E8C28400C2F306 /* EmailChecker.m */ = {isa = PBXFileReference; fileEncoding = 4; lastKnownFileType = sourcecode.c.objc; path = EmailChecker.m; sourceTree = "<group>"; };
		9F3DC83C15E8C29400C2F306 /* NullChecker.h */ = {isa = PBXFileReference; fileEncoding = 4; lastKnownFileType = sourcecode.c.h; path = NullChecker.h; sourceTree = "<group>"; };
		9F3DC83D15E8C29400C2F306 /* NullChecker.m */ = {isa = PBXFileReference; fileEncoding = 4; lastKnownFileType = sourcecode.c.objc; path = NullChecker.m; sourceTree = "<group>"; };
		9F3DC83F15E8C2C900C2F306 /* LengthChecker.h */ = {isa = PBXFileReference; fileEncoding = 4; lastKnownFileType = sourcecode.c.h; path = LengthChecker.h; sourceTree = "<group>"; };
		9F3DC84015E8C2C900C2F306 /* LengthChecker.m */ = {isa = PBXFileReference; fileEncoding = 4; lastKnownFileType = sourcecode.c.objc; path = LengthChecker.m; sourceTree = "<group>"; };
		9F3DC84215E8C2D700C2F306 /* MobileChecker.h */ = {isa = PBXFileReference; fileEncoding = 4; lastKnownFileType = sourcecode.c.h; path = MobileChecker.h; sourceTree = "<group>"; };
		9F3DC84315E8C2D700C2F306 /* MobileChecker.m */ = {isa = PBXFileReference; fileEncoding = 4; lastKnownFileType = sourcecode.c.objc; path = MobileChecker.m; sourceTree = "<group>"; };
		9F3DC84515E8C2F300C2F306 /* DigitChecker.h */ = {isa = PBXFileReference; fileEncoding = 4; lastKnownFileType = sourcecode.c.h; path = DigitChecker.h; sourceTree = "<group>"; };
		9F3DC84615E8C2F300C2F306 /* DigitChecker.m */ = {isa = PBXFileReference; fileEncoding = 4; lastKnownFileType = sourcecode.c.objc; path = DigitChecker.m; sourceTree = "<group>"; };
		9F3DC84815E8CAE700C2F306 /* StringCheckerUtil.h */ = {isa = PBXFileReference; fileEncoding = 4; lastKnownFileType = sourcecode.c.h; path = StringCheckerUtil.h; sourceTree = "<group>"; };
		9F3DC84915E8CAE700C2F306 /* StringCheckerUtil.m */ = {isa = PBXFileReference; fileEncoding = 4; lastKnownFileType = sourcecode.c.objc; path = StringCheckerUtil.m; sourceTree = "<group>"; };
		9F3DC84B15E8CF0800C2F306 /* Localizable.strings */ = {isa = PBXFileReference; fileEncoding = 4; lastKnownFileType = text.plist.strings; path = Localizable.strings; sourceTree = "<group>"; };
/* End PBXFileReference section */

/* Begin PBXFrameworksBuildPhase section */
		9F3DC7BF15E0DF3300C2F306 /* Frameworks */ = {
			isa = PBXFrameworksBuildPhase;
			buildActionMask = 2147483647;
			files = (
				9F3DC7C615E0DF3300C2F306 /* Foundation.framework in Frameworks */,
			);
			runOnlyForDeploymentPostprocessing = 0;
		};
		9F3DC80915E1326800C2F306 /* Frameworks */ = {
			isa = PBXFrameworksBuildPhase;
			buildActionMask = 2147483647;
			files = (
				9F7A687415E917C500881840 /* libEasyValidate-iOS.a in Frameworks */,
				9F3DC80F15E1326800C2F306 /* UIKit.framework in Frameworks */,
				9F3DC81015E1326800C2F306 /* Foundation.framework in Frameworks */,
				9F3DC81215E1326800C2F306 /* CoreGraphics.framework in Frameworks */,
			);
			runOnlyForDeploymentPostprocessing = 0;
		};
/* End PBXFrameworksBuildPhase section */

/* Begin PBXGroup section */
		9F3DC7B715E0DF3300C2F306 = {
			isa = PBXGroup;
			children = (
				9F3DC7C715E0DF3300C2F306 /* EasyValidate-iOS */,
				9F3DC7C415E0DF3300C2F306 /* Frameworks */,
				9F3DC80115E0F5A400C2F306 /* LICENSE */,
				9F3DC7C315E0DF3300C2F306 /* Products */,
				9F3DC80215E0F5A400C2F306 /* README.md */,
				9F3DC81315E1326800C2F306 /* Sample */,
			);
			sourceTree = "<group>";
		};
		9F3DC7C315E0DF3300C2F306 /* Products */ = {
			isa = PBXGroup;
			children = (
				9F3DC7C215E0DF3300C2F306 /* libEasyValidate-iOS.a */,
				9F3DC80C15E1326800C2F306 /* Sample.app */,
			);
			name = Products;
			sourceTree = "<group>";
		};
		9F3DC7C415E0DF3300C2F306 /* Frameworks */ = {
			isa = PBXGroup;
			children = (
				9F3DC7C515E0DF3300C2F306 /* Foundation.framework */,
				9F3DC80E15E1326800C2F306 /* UIKit.framework */,
				9F3DC81115E1326800C2F306 /* CoreGraphics.framework */,
			);
			name = Frameworks;
			sourceTree = "<group>";
		};
		9F3DC7C715E0DF3300C2F306 /* EasyValidate-iOS */ = {
			isa = PBXGroup;
			children = (
				9F3DC82915E87CAE00C2F306 /* Element */,
				9F3DC82815E87B4500C2F306 /* Checker */,
				9F3DC7CA15E0DF3300C2F306 /* EasyValidate.h */,
				9F3DC7CC15E0DF3300C2F306 /* EasyValidate.m */,
				9F3DC7C815E0DF3300C2F306 /* Supporting Files */,
			);
			path = "EasyValidate-iOS";
			sourceTree = "<group>";
		};
		9F3DC7C815E0DF3300C2F306 /* Supporting Files */ = {
			isa = PBXGroup;
			children = (
				9F3DC7C915E0DF3300C2F306 /* EasyValidate-iOS-Prefix.pch */,
				9F3DC84B15E8CF0800C2F306 /* Localizable.strings */,
			);
			name = "Supporting Files";
			sourceTree = "<group>";
		};
		9F3DC81315E1326800C2F306 /* Sample */ = {
			isa = PBXGroup;
			children = (
				9F3DC81C15E1326800C2F306 /* AppDelegate.h */,
				9F3DC81D15E1326800C2F306 /* AppDelegate.m */,
				9F3DC81F15E1326800C2F306 /* MainStoryboard.storyboard */,
				9F3DC82215E1326800C2F306 /* ViewController.h */,
				9F3DC82315E1326800C2F306 /* ViewController.m */,
				9F3DC81415E1326800C2F306 /* Supporting Files */,
			);
			path = Sample;
			sourceTree = "<group>";
		};
		9F3DC81415E1326800C2F306 /* Supporting Files */ = {
			isa = PBXGroup;
			children = (
				9F3DC81515E1326800C2F306 /* Sample-Info.plist */,
				9F3DC81615E1326800C2F306 /* InfoPlist.strings */,
				9F3DC81915E1326800C2F306 /* main.m */,
				9F3DC81B15E1326800C2F306 /* Sample-Prefix.pch */,
			);
			name = "Supporting Files";
			sourceTree = "<group>";
		};
		9F3DC82815E87B4500C2F306 /* Checker */ = {
			isa = PBXGroup;
			children = (
				9F3DC83115E8BF2000C2F306 /* AndLogicChecker.h */,
				9F3DC83215E8BF2000C2F306 /* AndLogicChecker.m */,
				9F3DC83615E8C02200C2F306 /* OrLogicChecker.h */,
				9F3DC83715E8C02200C2F306 /* OrLogicChecker.m */,
				9F3DC82E15E8B96100C2F306 /* TextCheckFactory.h */,
				9F3DC82F15E8B96100C2F306 /* TextCheckFactory.m */,
				9F3DC83515E8BFB500C2F306 /* TextValidator.h */,
				9F3DC83915E8C28400C2F306 /* EmailChecker.h */,
				9F3DC83A15E8C28400C2F306 /* EmailChecker.m */,
				9F3DC83C15E8C29400C2F306 /* NullChecker.h */,
				9F3DC83D15E8C29400C2F306 /* NullChecker.m */,
				9F3DC83F15E8C2C900C2F306 /* LengthChecker.h */,
				9F3DC84015E8C2C900C2F306 /* LengthChecker.m */,
				9F3DC84215E8C2D700C2F306 /* MobileChecker.h */,
				9F3DC84315E8C2D700C2F306 /* MobileChecker.m */,
				9F3DC84515E8C2F300C2F306 /* DigitChecker.h */,
				9F3DC84615E8C2F300C2F306 /* DigitChecker.m */,
				9F3DC84815E8CAE700C2F306 /* StringCheckerUtil.h */,
				9F3DC84915E8CAE700C2F306 /* StringCheckerUtil.m */,
			);
			name = Checker;
			sourceTree = "<group>";
		};
		9F3DC82915E87CAE00C2F306 /* Element */ = {
			isa = PBXGroup;
			children = (
				9F3DC82A15E87D2B00C2F306 /* ElementValidationDelegate.h */,
				9F3DC82B15E87EB700C2F306 /* ValidationUITextField.h */,
				9F3DC82C15E87EB700C2F306 /* ValidationUITextField.m */,
			);
			name = Element;
			sourceTree = "<group>";
		};
/* End PBXGroup section */

/* Begin PBXHeadersBuildPhase section */
		9F7A688D15E9224600881840 /* Headers */ = {
			isa = PBXHeadersBuildPhase;
			buildActionMask = 2147483647;
			files = (
				9F7A688F15E9228400881840 /* ElementValidationDelegate.h in Headers */,
				9F7A689015E9228400881840 /* ValidationUITextField.h in Headers */,
				9F7A689115E9228400881840 /* AndLogicChecker.h in Headers */,
				9F7A689215E9228400881840 /* OrLogicChecker.h in Headers */,
				9F7A689315E9228400881840 /* TextCheckFactory.h in Headers */,
				9F7A689415E9228400881840 /* TextValidator.h in Headers */,
				9F7A689515E9228400881840 /* EmailChecker.h in Headers */,
				9F7A689615E9228400881840 /* NullChecker.h in Headers */,
				9F7A689715E9228400881840 /* LengthChecker.h in Headers */,
				9F7A689815E9228400881840 /* MobileChecker.h in Headers */,
				9F7A689915E9228400881840 /* DigitChecker.h in Headers */,
				9F7A689A15E9228400881840 /* StringCheckerUtil.h in Headers */,
				9F7A689B15E9228400881840 /* EasyValidate.h in Headers */,
			);
			runOnlyForDeploymentPostprocessing = 0;
		};
/* End PBXHeadersBuildPhase section */

/* Begin PBXNativeTarget section */
		9F3DC7C115E0DF3300C2F306 /* EasyValidate-iOS */ = {
			isa = PBXNativeTarget;
			buildConfigurationList = 9F3DC7D015E0DF3300C2F306 /* Build configuration list for PBXNativeTarget "EasyValidate-iOS" */;
			buildPhases = (
				9F3DC7BE15E0DF3300C2F306 /* Sources */,
				9F3DC7BF15E0DF3300C2F306 /* Frameworks */,
				9F3DC7C015E0DF3300C2F306 /* CopyFiles */,
				9F7A688D15E9224600881840 /* Headers */,
			);
			buildRules = (
			);
			dependencies = (
			);
			name = "EasyValidate-iOS";
			productName = "EasyValidate-iOS";
			productReference = 9F3DC7C215E0DF3300C2F306 /* libEasyValidate-iOS.a */;
			productType = "com.apple.product-type.library.static";
		};
		9F3DC80B15E1326800C2F306 /* Sample */ = {
			isa = PBXNativeTarget;
			buildConfigurationList = 9F3DC82515E1326800C2F306 /* Build configuration list for PBXNativeTarget "Sample" */;
			buildPhases = (
				9F3DC80815E1326800C2F306 /* Sources */,
				9F3DC80915E1326800C2F306 /* Frameworks */,
				9F3DC80A15E1326800C2F306 /* Resources */,
			);
			buildRules = (
			);
			dependencies = (
				9F7A688115E91A7000881840 /* PBXTargetDependency */,
			);
			name = Sample;
			productName = Sample;
			productReference = 9F3DC80C15E1326800C2F306 /* Sample.app */;
			productType = "com.apple.product-type.application";
		};
/* End PBXNativeTarget section */

/* Begin PBXProject section */
		9F3DC7B915E0DF3300C2F306 /* Project object */ = {
			isa = PBXProject;
			attributes = {
				LastUpgradeCheck = 0450;
				ORGANIZATIONNAME = "Ivan Lam";
			};
			buildConfigurationList = 9F3DC7BC15E0DF3300C2F306 /* Build configuration list for PBXProject "EasyValidate-iOS" */;
			compatibilityVersion = "Xcode 3.2";
			developmentRegion = English;
			hasScannedForEncodings = 0;
			knownRegions = (
				en,
			);
			mainGroup = 9F3DC7B715E0DF3300C2F306;
			productRefGroup = 9F3DC7C315E0DF3300C2F306 /* Products */;
			projectDirPath = "";
			projectRoot = "";
			targets = (
				9F3DC7C115E0DF3300C2F306 /* EasyValidate-iOS */,
				9F3DC80B15E1326800C2F306 /* Sample */,
			);
		};
/* End PBXProject section */

/* Begin PBXResourcesBuildPhase section */
		9F3DC80A15E1326800C2F306 /* Resources */ = {
			isa = PBXResourcesBuildPhase;
			buildActionMask = 2147483647;
			files = (
				9F7A68A215E92B0B00881840 /* Localizable.strings in Resources */,
				9F3DC81815E1326800C2F306 /* InfoPlist.strings in Resources */,
				9F3DC82115E1326800C2F306 /* MainStoryboard.storyboard in Resources */,
			);
			runOnlyForDeploymentPostprocessing = 0;
		};
/* End PBXResourcesBuildPhase section */

/* Begin PBXSourcesBuildPhase section */
		9F3DC7BE15E0DF3300C2F306 /* Sources */ = {
			isa = PBXSourcesBuildPhase;
			buildActionMask = 2147483647;
			files = (
				9F3DC7CD15E0DF3300C2F306 /* EasyValidate.m in Sources */,
				9F3DC82D15E87EB700C2F306 /* ValidationUITextField.m in Sources */,
				9F3DC83015E8B96100C2F306 /* TextCheckFactory.m in Sources */,
				9F3DC83315E8BF2100C2F306 /* AndLogicChecker.m in Sources */,
				9F3DC83815E8C02200C2F306 /* OrLogicChecker.m in Sources */,
				9F3DC83B15E8C28400C2F306 /* EmailChecker.m in Sources */,
				9F3DC83E15E8C29500C2F306 /* NullChecker.m in Sources */,
				9F3DC84115E8C2CA00C2F306 /* LengthChecker.m in Sources */,
				9F3DC84415E8C2D700C2F306 /* MobileChecker.m in Sources */,
				9F3DC84715E8C2F300C2F306 /* DigitChecker.m in Sources */,
				9F3DC84A15E8CAE800C2F306 /* StringCheckerUtil.m in Sources */,
			);
			runOnlyForDeploymentPostprocessing = 0;
		};
		9F3DC80815E1326800C2F306 /* Sources */ = {
			isa = PBXSourcesBuildPhase;
			buildActionMask = 2147483647;
			files = (
				9F3DC81A15E1326800C2F306 /* main.m in Sources */,
				9F3DC81E15E1326800C2F306 /* AppDelegate.m in Sources */,
				9F3DC82415E1326800C2F306 /* ViewController.m in Sources */,
			);
			runOnlyForDeploymentPostprocessing = 0;
		};
/* End PBXSourcesBuildPhase section */

/* Begin PBXTargetDependency section */
		9F7A688115E91A7000881840 /* PBXTargetDependency */ = {
			isa = PBXTargetDependency;
			target = 9F3DC7C115E0DF3300C2F306 /* EasyValidate-iOS */;
			targetProxy = 9F7A688015E91A7000881840 /* PBXContainerItemProxy */;
		};
/* End PBXTargetDependency section */

/* Begin PBXVariantGroup section */
		9F3DC81615E1326800C2F306 /* InfoPlist.strings */ = {
			isa = PBXVariantGroup;
			children = (
				9F3DC81715E1326800C2F306 /* en */,
			);
			name = InfoPlist.strings;
			sourceTree = "<group>";
		};
		9F3DC81F15E1326800C2F306 /* MainStoryboard.storyboard */ = {
			isa = PBXVariantGroup;
			children = (
				9F3DC82015E1326800C2F306 /* en */,
			);
			name = MainStoryboard.storyboard;
			sourceTree = "<group>";
		};
/* End PBXVariantGroup section */

/* Begin XCBuildConfiguration section */
		9F3DC7CE15E0DF3300C2F306 /* Debug */ = {
			isa = XCBuildConfiguration;
			buildSettings = {
				ALWAYS_SEARCH_USER_PATHS = NO;
				CLANG_CXX_LANGUAGE_STANDARD = "gnu++0x";
				CLANG_CXX_LIBRARY = "libc++";
				CLANG_ENABLE_OBJC_ARC = YES;
				CLANG_WARN__DUPLICATE_METHOD_MATCH = YES;
				COPY_PHASE_STRIP = NO;
				GCC_C_LANGUAGE_STANDARD = gnu99;
				GCC_DYNAMIC_NO_PIC = NO;
				GCC_OPTIMIZATION_LEVEL = 0;
				GCC_PREPROCESSOR_DEFINITIONS = (
					"DEBUG=1",
					"$(inherited)",
				);
				GCC_SYMBOLS_PRIVATE_EXTERN = NO;
				GCC_WARN_ABOUT_RETURN_TYPE = YES;
				GCC_WARN_UNINITIALIZED_AUTOS = YES;
				GCC_WARN_UNUSED_VARIABLE = YES;
				IPHONEOS_DEPLOYMENT_TARGET = 5.0;
				OTHER_LDFLAGS = "-ObjC";
				SDKROOT = iphoneos;
			};
			name = Debug;
		};
		9F3DC7CF15E0DF3300C2F306 /* Release */ = {
			isa = XCBuildConfiguration;
			buildSettings = {
				ALWAYS_SEARCH_USER_PATHS = NO;
				CLANG_CXX_LANGUAGE_STANDARD = "gnu++0x";
				CLANG_CXX_LIBRARY = "libc++";
				CLANG_ENABLE_OBJC_ARC = YES;
				CLANG_WARN__DUPLICATE_METHOD_MATCH = YES;
				COPY_PHASE_STRIP = YES;
				GCC_C_LANGUAGE_STANDARD = gnu99;
				GCC_WARN_ABOUT_RETURN_TYPE = YES;
				GCC_WARN_UNINITIALIZED_AUTOS = YES;
				GCC_WARN_UNUSED_VARIABLE = YES;
				IPHONEOS_DEPLOYMENT_TARGET = 5.0;
				OTHER_LDFLAGS = "-ObjC";
				SDKROOT = iphoneos;
				VALIDATE_PRODUCT = YES;
			};
			name = Release;
		};
		9F3DC7D115E0DF3300C2F306 /* Debug */ = {
			isa = XCBuildConfiguration;
			buildSettings = {
				DSTROOT = /tmp/EasyValidate_iOS.dst;
				GCC_PRECOMPILE_PREFIX_HEADER = YES;
				GCC_PREFIX_HEADER = "EasyValidate-iOS/EasyValidate-iOS-Prefix.pch";
				ONLY_ACTIVE_ARCH = NO;
				OTHER_LDFLAGS = "-ObjC";
				PRODUCT_NAME = "$(TARGET_NAME)";
				SKIP_INSTALL = YES;
			};
			name = Debug;
		};
		9F3DC7D215E0DF3300C2F306 /* Release */ = {
			isa = XCBuildConfiguration;
			buildSettings = {
				DSTROOT = /tmp/EasyValidate_iOS.dst;
				GCC_PRECOMPILE_PREFIX_HEADER = YES;
				GCC_PREFIX_HEADER = "EasyValidate-iOS/EasyValidate-iOS-Prefix.pch";
				ONLY_ACTIVE_ARCH = NO;
				OTHER_LDFLAGS = "-ObjC";
				PRODUCT_NAME = "$(TARGET_NAME)";
				SKIP_INSTALL = YES;
			};
			name = Release;
		};
		9F3DC82615E1326800C2F306 /* Debug */ = {
			isa = XCBuildConfiguration;
			buildSettings = {
				"CODE_SIGN_IDENTITY[sdk=iphoneos*]" = "iPhone Developer";
				GCC_PRECOMPILE_PREFIX_HEADER = YES;
				GCC_PREFIX_HEADER = "Sample/Sample-Prefix.pch";
				HEADER_SEARCH_PATHS = "$(SOURCE_ROOT)/Build";
				INFOPLIST_FILE = "Sample/Sample-Info.plist";
				IPHONEOS_DEPLOYMENT_TARGET = 5.0;
				OTHER_LDFLAGS = "-ObjC";
				PRODUCT_NAME = "$(TARGET_NAME)";
				WRAPPER_EXTENSION = app;
			};
			name = Debug;
		};
		9F3DC82715E1326800C2F306 /* Release */ = {
			isa = XCBuildConfiguration;
			buildSettings = {
				"CODE_SIGN_IDENTITY[sdk=iphoneos*]" = "iPhone Developer";
				GCC_PRECOMPILE_PREFIX_HEADER = YES;
				GCC_PREFIX_HEADER = "Sample/Sample-Prefix.pch";
				HEADER_SEARCH_PATHS = "$(SOURCE_ROOT)/Build";
				INFOPLIST_FILE = "Sample/Sample-Info.plist";
				IPHONEOS_DEPLOYMENT_TARGET = 5.0;
				OTHER_CFLAGS = "-DNS_BLOCK_ASSERTIONS=1";
				OTHER_LDFLAGS = "-ObjC";
				PRODUCT_NAME = "$(TARGET_NAME)";
				WRAPPER_EXTENSION = app;
			};
			name = Release;
		};
/* End XCBuildConfiguration section */

/* Begin XCConfigurationList section */
		9F3DC7BC15E0DF3300C2F306 /* Build configuration list for PBXProject "EasyValidate-iOS" */ = {
			isa = XCConfigurationList;
			buildConfigurations = (
				9F3DC7CE15E0DF3300C2F306 /* Debug */,
				9F3DC7CF15E0DF3300C2F306 /* Release */,
			);
			defaultConfigurationIsVisible = 0;
			defaultConfigurationName = Release;
		};
		9F3DC7D015E0DF3300C2F306 /* Build configuration list for PBXNativeTarget "EasyValidate-iOS" */ = {
			isa = XCConfigurationList;
			buildConfigurations = (
				9F3DC7D115E0DF3300C2F306 /* Debug */,
				9F3DC7D215E0DF3300C2F306 /* Release */,
			);
			defaultConfigurationIsVisible = 0;
			defaultConfigurationName = Release;
		};
		9F3DC82515E1326800C2F306 /* Build configuration list for PBXNativeTarget "Sample" */ = {
			isa = XCConfigurationList;
			buildConfigurations = (
				9F3DC82615E1326800C2F306 /* Debug */,
				9F3DC82715E1326800C2F306 /* Release */,
			);
			defaultConfigurationIsVisible = 0;
			defaultConfigurationName = Release;
		};
/* End XCConfigurationList section */
	};
	rootObject = 9F3DC7B915E0DF3300C2F306 /* Project object */;
}
